speakeasyVersion: 1.352.2
sources:
    merge-code-samples-into-spec:
        sourceNamespace: merge-code-samples-into-spec
        sourceRevisionDigest: sha256:c16a47ef3e042332ee5297bc2aac89a07980d5a1ffa9788b952cb740dbd45f8d
        sourceBlobDigest: sha256:cdbd964266e8d15eee94e4439f96a3a492a8fafd39ed85146355bfd411e6e137
        tags:
            - latest
            - main
targets: {}
workflow:
    workflowVersion: 1.0.0
    speakeasyVersion: latest
    sources:
        merge-code-samples-into-spec:
            inputs:
                - location: registry.speakeasyapi.dev/panora/panora/panora-open-api-swagger
            overlays:
                - location: registry.speakeasyapi.dev/panora/panora/code-samples-typescript-my-first-target:main
                - location: registry.speakeasyapi.dev/panora/panora/code-samples-python:main
                - location: registry.speakeasyapi.dev/panora/panora/go-sdk:main
                - location: registry.speakeasyapi.dev/panora/panora/code-samples-ruby:main
            output: packages/api/swagger/openapi-with-code-samples.yaml
            registry:
                location: registry.speakeasyapi.dev/panora/panora/merge-code-samples-into-spec
    targets: {}
