speakeasyVersion: 1.352.0
sources:
    merge-code-samples-into-spec:
        sourceNamespace: merge-code-samples-into-spec
        sourceRevisionDigest: sha256:d936fce61ce9e4e4674d496160d980ae34ecde4e8cb216592716a53df180b3ed
        sourceBlobDigest: sha256:d869de4b0ea977b90d7597c7e0cedabf935d6d37ec987b9def703e7b790b85a0
        tags:
            - latest
            - main
targets: {}
workflow:
    workflowVersion: 1.0.0
    speakeasyVersion: latest
    sources:
        merge-code-samples-into-spec:
            inputs:
                - location: registry.speakeasyapi.dev/panora/panora/panora-open-api-swagger
            overlays:
                - location: registry.speakeasyapi.dev/panora/panora/code-samples-typescript-my-first-target:main
                - location: registry.speakeasyapi.dev/panora/panora/code-samples-python:main
                - location: registry.speakeasyapi.dev/panora/panora/go-sdk:main
                - location: registry.speakeasyapi.dev/panora/panora/code-samples-ruby:main
            output: packages/api/swagger/openapi-with-code-samples.yaml
            registry:
                location: registry.speakeasyapi.dev/panora/panora/merge-code-samples-into-spec
    targets: {}
